
Microsoft Visual Studio Solution File, Format Version 12.00
# Visual Studio Version 16
VisualStudioVersion = 16.0.30002.166
MinimumVisualStudioVersion = 10.0.40219.1
Project("{9A19103F-16F7-4668-BE54-9A1E7A4F7556}") = "LinkedListConstractionSolution", "LinkedListConstraction\LinkedListConstractionSolution\LinkedListConstractionSolution.csproj", "{A446A55E-051A-4B16-B4D7-9297BCB37053}"
EndProject
Project("{9A19103F-16F7-4668-BE54-9A1E7A4F7556}") = "LinkedListConstractionSolutionTests", "LinkedListConstraction\LinkedListConstractionSolutionTests\LinkedListConstractionSolutionTests.csproj", "{D9D0BDCC-61CE-401C-AC5B-80D8A109C39B}"
EndProject
Project("{2150E333-8FDC-42A3-9474-1A3956D46DE8}") = "LinkedListConstraction", "LinkedListConstraction", "{4DC162AF-8698-449A-9CD6-955A3D49A18E}"
EndProject
Project("{2150E333-8FDC-42A3-9474-1A3956D46DE8}") = "BrunchSums", "BrunchSums", "{7D782ABD-3BB4-4291-83AA-83A774E3A658}"
EndProject
Project("{9A19103F-16F7-4668-BE54-9A1E7A4F7556}") = "BrunchSumsSolution", "BrunchSums\BrunchSumsSolution\BrunchSumsSolution.csproj", "{92717DF0-3685-471D-AD52-A5F587DEBB6F}"
EndProject
Project("{9A19103F-16F7-4668-BE54-9A1E7A4F7556}") = "BrunchSumsSolutionTests", "BrunchSums\BrunchSumsSolutionTests\BrunchSumsSolutionTests.csproj", "{566A5849-ABF9-46F0-9BC5-063A6ABDB777}"
EndProject
Project("{9A19103F-16F7-4668-BE54-9A1E7A4F7556}") = "DepthFirstSearchSolution", "DepthFirstSearch\DepthFirstSearchSolution\DepthFirstSearchSolution.csproj", "{7EEA775E-B3A9-46BA-8E82-CE08717BCE42}"
EndProject
Project("{2150E333-8FDC-42A3-9474-1A3956D46DE8}") = "DepthFirstSearch", "DepthFirstSearch", "{3E37B5D4-1A8F-400B-ADBF-950E6B60AE2B}"
EndProject
Project("{2150E333-8FDC-42A3-9474-1A3956D46DE8}") = "ProductSum", "ProductSum", "{AEB6D677-8B1C-4056-B7A5-0C54DC263CFE}"
EndProject
Project("{9A19103F-16F7-4668-BE54-9A1E7A4F7556}") = "ProductSumSolution", "ProductSum\ProductSumSolution\ProductSumSolution.csproj", "{2AD8716E-359A-49EA-A43F-47048F5D7798}"
EndProject
Project("{9A19103F-16F7-4668-BE54-9A1E7A4F7556}") = "ProductSumTests", "ProductSum\ProductSumTests\ProductSumTests.csproj", "{E2877FC5-79B1-43E7-95D1-F9C9FA428FB7}"
EndProject
Project("{2150E333-8FDC-42A3-9474-1A3956D46DE8}") = "FindThreeLargestNumbers", "FindThreeLargestNumbers", "{92A16C1E-3A33-4D03-B1BF-1D218203A0A7}"
EndProject
Project("{FAE04EC0-301F-11D3-BF4B-00C04F79EFBC}") = "FindThreeLargestNumbersSolution", "FindThreeLargestNumbers\FindThreeLargestNumbersSolution\FindThreeLargestNumbersSolution.csproj", "{5E39D589-8E36-408E-9380-E4476E259550}"
EndProject
Project("{FAE04EC0-301F-11D3-BF4B-00C04F79EFBC}") = "FindThreeLargestNumbersTests", "FindThreeLargestNumbers\FindThreeLargestNumbersTests\FindThreeLargestNumbersTests.csproj", "{B29248B9-1047-4253-8B71-E03ABCBB45FC}"
EndProject
Project("{2150E333-8FDC-42A3-9474-1A3956D46DE8}") = "CeasarCipherEncryptor", "CeasarCipherEncryptor", "{40BD304D-ADA9-4154-BCAF-4847027F72EC}"
EndProject
Project("{FAE04EC0-301F-11D3-BF4B-00C04F79EFBC}") = "CeasarCipherEncryptorSolution", "CeasarCipherEncryptor\CeasarCipherEncryptorSolution\CeasarCipherEncryptorSolution.csproj", "{DF94891E-43A1-4BBA-8F1D-6C3BE42A3292}"
EndProject
Project("{FAE04EC0-301F-11D3-BF4B-00C04F79EFBC}") = "CeasarCipherEncryptorTests", "CeasarCipherEncryptor\CeasarCipherEncryptorTests\CeasarCipherEncryptorTests.csproj", "{E0DAFA01-5CBA-4417-8B31-F8001317228A}"
EndProject
Project("{2150E333-8FDC-42A3-9474-1A3956D46DE8}") = "MoveElementToEnd", "MoveElementToEnd", "{9F204AD9-6A71-4F8A-A5B0-6ABEBE9CA5C5}"
EndProject
Project("{FAE04EC0-301F-11D3-BF4B-00C04F79EFBC}") = "MoveElementToEndSolution", "MoveElementToEnd\MoveElementToEndSolution\MoveElementToEndSolution.csproj", "{34380343-A58F-4BB0-B51E-3222B619B7DC}"
EndProject
Project("{FAE04EC0-301F-11D3-BF4B-00C04F79EFBC}") = "MoveElementToEndTests", "MoveElementToEnd\MoveElementToEndTests\MoveElementToEndTests.csproj", "{C9DAE423-23E9-4ED1-9A2B-EE25826D05C0}"
EndProject
Global
	GlobalSection(SolutionConfigurationPlatforms) = preSolution
		Debug|Any CPU = Debug|Any CPU
		Release|Any CPU = Release|Any CPU
	EndGlobalSection
	GlobalSection(ProjectConfigurationPlatforms) = postSolution
		{A446A55E-051A-4B16-B4D7-9297BCB37053}.Debug|Any CPU.ActiveCfg = Debug|Any CPU
		{A446A55E-051A-4B16-B4D7-9297BCB37053}.Debug|Any CPU.Build.0 = Debug|Any CPU
		{A446A55E-051A-4B16-B4D7-9297BCB37053}.Release|Any CPU.ActiveCfg = Release|Any CPU
		{A446A55E-051A-4B16-B4D7-9297BCB37053}.Release|Any CPU.Build.0 = Release|Any CPU
		{D9D0BDCC-61CE-401C-AC5B-80D8A109C39B}.Debug|Any CPU.ActiveCfg = Debug|Any CPU
		{D9D0BDCC-61CE-401C-AC5B-80D8A109C39B}.Debug|Any CPU.Build.0 = Debug|Any CPU
		{D9D0BDCC-61CE-401C-AC5B-80D8A109C39B}.Release|Any CPU.ActiveCfg = Release|Any CPU
		{D9D0BDCC-61CE-401C-AC5B-80D8A109C39B}.Release|Any CPU.Build.0 = Release|Any CPU
		{92717DF0-3685-471D-AD52-A5F587DEBB6F}.Debug|Any CPU.ActiveCfg = Debug|Any CPU
		{92717DF0-3685-471D-AD52-A5F587DEBB6F}.Debug|Any CPU.Build.0 = Debug|Any CPU
		{92717DF0-3685-471D-AD52-A5F587DEBB6F}.Release|Any CPU.ActiveCfg = Release|Any CPU
		{92717DF0-3685-471D-AD52-A5F587DEBB6F}.Release|Any CPU.Build.0 = Release|Any CPU
		{566A5849-ABF9-46F0-9BC5-063A6ABDB777}.Debug|Any CPU.ActiveCfg = Debug|Any CPU
		{566A5849-ABF9-46F0-9BC5-063A6ABDB777}.Debug|Any CPU.Build.0 = Debug|Any CPU
		{566A5849-ABF9-46F0-9BC5-063A6ABDB777}.Release|Any CPU.ActiveCfg = Release|Any CPU
		{566A5849-ABF9-46F0-9BC5-063A6ABDB777}.Release|Any CPU.Build.0 = Release|Any CPU
		{7EEA775E-B3A9-46BA-8E82-CE08717BCE42}.Debug|Any CPU.ActiveCfg = Debug|Any CPU
		{7EEA775E-B3A9-46BA-8E82-CE08717BCE42}.Debug|Any CPU.Build.0 = Debug|Any CPU
		{7EEA775E-B3A9-46BA-8E82-CE08717BCE42}.Release|Any CPU.ActiveCfg = Release|Any CPU
		{7EEA775E-B3A9-46BA-8E82-CE08717BCE42}.Release|Any CPU.Build.0 = Release|Any CPU
		{2AD8716E-359A-49EA-A43F-47048F5D7798}.Debug|Any CPU.ActiveCfg = Debug|Any CPU
		{2AD8716E-359A-49EA-A43F-47048F5D7798}.Debug|Any CPU.Build.0 = Debug|Any CPU
		{2AD8716E-359A-49EA-A43F-47048F5D7798}.Release|Any CPU.ActiveCfg = Release|Any CPU
		{2AD8716E-359A-49EA-A43F-47048F5D7798}.Release|Any CPU.Build.0 = Release|Any CPU
		{E2877FC5-79B1-43E7-95D1-F9C9FA428FB7}.Debug|Any CPU.ActiveCfg = Debug|Any CPU
		{E2877FC5-79B1-43E7-95D1-F9C9FA428FB7}.Debug|Any CPU.Build.0 = Debug|Any CPU
		{E2877FC5-79B1-43E7-95D1-F9C9FA428FB7}.Release|Any CPU.ActiveCfg = Release|Any CPU
		{E2877FC5-79B1-43E7-95D1-F9C9FA428FB7}.Release|Any CPU.Build.0 = Release|Any CPU
		{5E39D589-8E36-408E-9380-E4476E259550}.Debug|Any CPU.ActiveCfg = Debug|Any CPU
		{5E39D589-8E36-408E-9380-E4476E259550}.Debug|Any CPU.Build.0 = Debug|Any CPU
		{5E39D589-8E36-408E-9380-E4476E259550}.Release|Any CPU.ActiveCfg = Release|Any CPU
		{5E39D589-8E36-408E-9380-E4476E259550}.Release|Any CPU.Build.0 = Release|Any CPU
		{B29248B9-1047-4253-8B71-E03ABCBB45FC}.Debug|Any CPU.ActiveCfg = Debug|Any CPU
		{B29248B9-1047-4253-8B71-E03ABCBB45FC}.Debug|Any CPU.Build.0 = Debug|Any CPU
		{B29248B9-1047-4253-8B71-E03ABCBB45FC}.Release|Any CPU.ActiveCfg = Release|Any CPU
		{B29248B9-1047-4253-8B71-E03ABCBB45FC}.Release|Any CPU.Build.0 = Release|Any CPU
		{DF94891E-43A1-4BBA-8F1D-6C3BE42A3292}.Debug|Any CPU.ActiveCfg = Debug|Any CPU
		{DF94891E-43A1-4BBA-8F1D-6C3BE42A3292}.Debug|Any CPU.Build.0 = Debug|Any CPU
		{DF94891E-43A1-4BBA-8F1D-6C3BE42A3292}.Release|Any CPU.ActiveCfg = Release|Any CPU
		{DF94891E-43A1-4BBA-8F1D-6C3BE42A3292}.Release|Any CPU.Build.0 = Release|Any CPU
		{E0DAFA01-5CBA-4417-8B31-F8001317228A}.Debug|Any CPU.ActiveCfg = Debug|Any CPU
		{E0DAFA01-5CBA-4417-8B31-F8001317228A}.Debug|Any CPU.Build.0 = Debug|Any CPU
		{E0DAFA01-5CBA-4417-8B31-F8001317228A}.Release|Any CPU.ActiveCfg = Release|Any CPU
		{E0DAFA01-5CBA-4417-8B31-F8001317228A}.Release|Any CPU.Build.0 = Release|Any CPU
		{34380343-A58F-4BB0-B51E-3222B619B7DC}.Debug|Any CPU.ActiveCfg = Debug|Any CPU
		{34380343-A58F-4BB0-B51E-3222B619B7DC}.Debug|Any CPU.Build.0 = Debug|Any CPU
		{34380343-A58F-4BB0-B51E-3222B619B7DC}.Release|Any CPU.ActiveCfg = Release|Any CPU
		{34380343-A58F-4BB0-B51E-3222B619B7DC}.Release|Any CPU.Build.0 = Release|Any CPU
		{C9DAE423-23E9-4ED1-9A2B-EE25826D05C0}.Debug|Any CPU.ActiveCfg = Debug|Any CPU
		{C9DAE423-23E9-4ED1-9A2B-EE25826D05C0}.Debug|Any CPU.Build.0 = Debug|Any CPU
		{C9DAE423-23E9-4ED1-9A2B-EE25826D05C0}.Release|Any CPU.ActiveCfg = Release|Any CPU
		{C9DAE423-23E9-4ED1-9A2B-EE25826D05C0}.Release|Any CPU.Build.0 = Release|Any CPU
	EndGlobalSection
	GlobalSection(SolutionProperties) = preSolution
		HideSolutionNode = FALSE
	EndGlobalSection
	GlobalSection(NestedProjects) = preSolution
		{A446A55E-051A-4B16-B4D7-9297BCB37053} = {4DC162AF-8698-449A-9CD6-955A3D49A18E}
		{D9D0BDCC-61CE-401C-AC5B-80D8A109C39B} = {4DC162AF-8698-449A-9CD6-955A3D49A18E}
		{92717DF0-3685-471D-AD52-A5F587DEBB6F} = {7D782ABD-3BB4-4291-83AA-83A774E3A658}
		{566A5849-ABF9-46F0-9BC5-063A6ABDB777} = {7D782ABD-3BB4-4291-83AA-83A774E3A658}
		{7EEA775E-B3A9-46BA-8E82-CE08717BCE42} = {3E37B5D4-1A8F-400B-ADBF-950E6B60AE2B}
		{2AD8716E-359A-49EA-A43F-47048F5D7798} = {AEB6D677-8B1C-4056-B7A5-0C54DC263CFE}
		{E2877FC5-79B1-43E7-95D1-F9C9FA428FB7} = {AEB6D677-8B1C-4056-B7A5-0C54DC263CFE}
		{5E39D589-8E36-408E-9380-E4476E259550} = {92A16C1E-3A33-4D03-B1BF-1D218203A0A7}
		{B29248B9-1047-4253-8B71-E03ABCBB45FC} = {92A16C1E-3A33-4D03-B1BF-1D218203A0A7}
		{DF94891E-43A1-4BBA-8F1D-6C3BE42A3292} = {40BD304D-ADA9-4154-BCAF-4847027F72EC}
		{E0DAFA01-5CBA-4417-8B31-F8001317228A} = {40BD304D-ADA9-4154-BCAF-4847027F72EC}
		{34380343-A58F-4BB0-B51E-3222B619B7DC} = {9F204AD9-6A71-4F8A-A5B0-6ABEBE9CA5C5}
		{C9DAE423-23E9-4ED1-9A2B-EE25826D05C0} = {9F204AD9-6A71-4F8A-A5B0-6ABEBE9CA5C5}
	EndGlobalSection
	GlobalSection(ExtensibilityGlobals) = postSolution
		SolutionGuid = {736C0F1F-FBCB-42F7-B161-06CCBF4F09DE}
	EndGlobalSection
EndGlobal
